
Microsoft Visual Studio Solution File, Format Version 12.00
# Visual Studio Version 16
VisualStudioVersion = 16.0.31105.61
MinimumVisualStudioVersion = 10.0.40219.1
Project("{FAE04EC0-301F-11D3-BF4B-00C04F79EFBC}") = "graduate_work", "graduate_work\graduate_work.csproj", "{0FF8EB68-A321-490B-8456-29F839AF670B}"
EndProject
Global
	GlobalSection(SolutionConfigurationPlatforms) = preSolution
		Debug|Any CPU = Debug|Any CPU
		Release|Any CPU = Release|Any CPU
	EndGlobalSection
	GlobalSection(ProjectConfigurationPlatforms) = postSolution
		{0FF8EB68-A321-490B-8456-29F839AF670B}.Debug|Any CPU.ActiveCfg = Debug|Any CPU
		{0FF8EB68-A321-490B-8456-29F839AF670B}.Debug|Any CPU.Build.0 = Debug|Any CPU
		{0FF8EB68-A321-490B-8456-29F839AF670B}.Release|Any CPU.ActiveCfg = Release|Any CPU
		{0FF8EB68-A321-490B-8456-29F839AF670B}.Release|Any CPU.Build.0 = Release|Any CPU
	EndGlobalSection
	GlobalSection(SolutionProperties) = preSolution
		HideSolutionNode = FALSE
	EndGlobalSection
	GlobalSection(ExtensibilityGlobals) = postSolution
		SolutionGuid = {E976C233-F7C0-48CC-BBA3-0A03C571EA5F}
	EndGlobalSection
EndGlobal
